
Microsoft Visual Studio Solution File, Format Version 12.00
Project("{FAE04EC0-301F-11D3-BF4B-00C04F79EFBC}") = "SIT.Core.Domain", "SIT.Core.Domain\SIT.Core.Domain.csproj", "{EC899048-582C-4DD4-9012-D90FEF16C153}"
EndProject
Project("{FAE04EC0-301F-11D3-BF4B-00C04F79EFBC}") = "SIT.Core.Application", "SIT.Core.Application\SIT.Core.Application.csproj", "{8FFD6B31-81FB-497D-B8DB-DE8A1EC450EA}"
EndProject
Project("{FAE04EC0-301F-11D3-BF4B-00C04F79EFBC}") = "SIT.Shared", "SIT.Shared\SIT.Shared.csproj", "{113EC146-8AE3-4568-A450-D8EF1E59A32D}"
EndProject
Global
	GlobalSection(SolutionConfigurationPlatforms) = preSolution
		Debug|Any CPU = Debug|Any CPU
		Release|Any CPU = Release|Any CPU
	EndGlobalSection
	GlobalSection(ProjectConfigurationPlatforms) = postSolution
		{EC899048-582C-4DD4-9012-D90FEF16C153}.Debug|Any CPU.ActiveCfg = Debug|Any CPU
		{EC899048-582C-4DD4-9012-D90FEF16C153}.Debug|Any CPU.Build.0 = Debug|Any CPU
		{EC899048-582C-4DD4-9012-D90FEF16C153}.Release|Any CPU.ActiveCfg = Release|Any CPU
		{EC899048-582C-4DD4-9012-D90FEF16C153}.Release|Any CPU.Build.0 = Release|Any CPU
		{8FFD6B31-81FB-497D-B8DB-DE8A1EC450EA}.Debug|Any CPU.ActiveCfg = Debug|Any CPU
		{8FFD6B31-81FB-497D-B8DB-DE8A1EC450EA}.Debug|Any CPU.Build.0 = Debug|Any CPU
		{8FFD6B31-81FB-497D-B8DB-DE8A1EC450EA}.Release|Any CPU.ActiveCfg = Release|Any CPU
		{8FFD6B31-81FB-497D-B8DB-DE8A1EC450EA}.Release|Any CPU.Build.0 = Release|Any CPU
		{113EC146-8AE3-4568-A450-D8EF1E59A32D}.Debug|Any CPU.ActiveCfg = Debug|Any CPU
		{113EC146-8AE3-4568-A450-D8EF1E59A32D}.Debug|Any CPU.Build.0 = Debug|Any CPU
		{113EC146-8AE3-4568-A450-D8EF1E59A32D}.Release|Any CPU.ActiveCfg = Release|Any CPU
		{113EC146-8AE3-4568-A450-D8EF1E59A32D}.Release|Any CPU.Build.0 = Release|Any CPU
	EndGlobalSection
EndGlobal
